
Microsoft Visual Studio Solution File, Format Version 12.00
# Visual Studio 2015
Project("{FAE04EC0-301F-11D3-BF4B-00C04F79EFBC}") = "Artillery shooter android.Plugins", "Artillery shooter android.Plugins.csproj", "{C292D885-0B69-5541-2480-51A6D4C74D9A}"
EndProject
Project("{FAE04EC0-301F-11D3-BF4B-00C04F79EFBC}") = "Artillery shooter android", "Artillery shooter android.csproj", "{815E6F58-DC55-10D6-A931-0484F4FDEA5B}"
EndProject
Project("{FAE04EC0-301F-11D3-BF4B-00C04F79EFBC}") = "Artillery shooter android.Editor.Plugins", "Artillery shooter android.Editor.Plugins.csproj", "{C24BFFA8-1BCE-B79A-DDCB-83D15ADC2C8A}"
EndProject
Global
	GlobalSection(SolutionConfigurationPlatforms) = preSolution
		Debug|Any CPU = Debug|Any CPU
		Release|Any CPU = Release|Any CPU
	EndGlobalSection
	GlobalSection(ProjectConfigurationPlatforms) = postSolution
		{C292D885-0B69-5541-2480-51A6D4C74D9A}.Debug|Any CPU.ActiveCfg = Debug|Any CPU
		{C292D885-0B69-5541-2480-51A6D4C74D9A}.Debug|Any CPU.Build.0 = Debug|Any CPU
		{C292D885-0B69-5541-2480-51A6D4C74D9A}.Release|Any CPU.ActiveCfg = Release|Any CPU
		{C292D885-0B69-5541-2480-51A6D4C74D9A}.Release|Any CPU.Build.0 = Release|Any CPU
		{815E6F58-DC55-10D6-A931-0484F4FDEA5B}.Debug|Any CPU.ActiveCfg = Debug|Any CPU
		{815E6F58-DC55-10D6-A931-0484F4FDEA5B}.Debug|Any CPU.Build.0 = Debug|Any CPU
		{815E6F58-DC55-10D6-A931-0484F4FDEA5B}.Release|Any CPU.ActiveCfg = Release|Any CPU
		{815E6F58-DC55-10D6-A931-0484F4FDEA5B}.Release|Any CPU.Build.0 = Release|Any CPU
		{C24BFFA8-1BCE-B79A-DDCB-83D15ADC2C8A}.Debug|Any CPU.ActiveCfg = Debug|Any CPU
		{C24BFFA8-1BCE-B79A-DDCB-83D15ADC2C8A}.Debug|Any CPU.Build.0 = Debug|Any CPU
		{C24BFFA8-1BCE-B79A-DDCB-83D15ADC2C8A}.Release|Any CPU.ActiveCfg = Release|Any CPU
		{C24BFFA8-1BCE-B79A-DDCB-83D15ADC2C8A}.Release|Any CPU.Build.0 = Release|Any CPU
	EndGlobalSection
	GlobalSection(SolutionProperties) = preSolution
		HideSolutionNode = FALSE
	EndGlobalSection
EndGlobal
