
Microsoft Visual Studio Solution File, Format Version 12.00
# Visual Studio 2015
Project("{FAE04EC0-301F-11D3-BF4B-00C04F79EFBC}") = "Artillery shooter.Plugins", "Artillery shooter.Plugins.csproj", "{92926C30-1B8D-0E2B-55E8-B16DB8442F15}"
EndProject
Project("{FAE04EC0-301F-11D3-BF4B-00C04F79EFBC}") = "Artillery shooter", "Artillery shooter.csproj", "{F4809AD8-B29C-D156-35C3-544C8444C181}"
EndProject
Project("{FAE04EC0-301F-11D3-BF4B-00C04F79EFBC}") = "Artillery shooter.Editor.Plugins", "Artillery shooter.Editor.Plugins.csproj", "{CA845331-9005-1546-28B8-20567022DA2B}"
EndProject
Global
	GlobalSection(SolutionConfigurationPlatforms) = preSolution
		Debug|Any CPU = Debug|Any CPU
		Release|Any CPU = Release|Any CPU
	EndGlobalSection
	GlobalSection(ProjectConfigurationPlatforms) = postSolution
		{92926C30-1B8D-0E2B-55E8-B16DB8442F15}.Debug|Any CPU.ActiveCfg = Debug|Any CPU
		{92926C30-1B8D-0E2B-55E8-B16DB8442F15}.Debug|Any CPU.Build.0 = Debug|Any CPU
		{92926C30-1B8D-0E2B-55E8-B16DB8442F15}.Release|Any CPU.ActiveCfg = Release|Any CPU
		{92926C30-1B8D-0E2B-55E8-B16DB8442F15}.Release|Any CPU.Build.0 = Release|Any CPU
		{F4809AD8-B29C-D156-35C3-544C8444C181}.Debug|Any CPU.ActiveCfg = Debug|Any CPU
		{F4809AD8-B29C-D156-35C3-544C8444C181}.Debug|Any CPU.Build.0 = Debug|Any CPU
		{F4809AD8-B29C-D156-35C3-544C8444C181}.Release|Any CPU.ActiveCfg = Release|Any CPU
		{F4809AD8-B29C-D156-35C3-544C8444C181}.Release|Any CPU.Build.0 = Release|Any CPU
		{CA845331-9005-1546-28B8-20567022DA2B}.Debug|Any CPU.ActiveCfg = Debug|Any CPU
		{CA845331-9005-1546-28B8-20567022DA2B}.Debug|Any CPU.Build.0 = Debug|Any CPU
		{CA845331-9005-1546-28B8-20567022DA2B}.Release|Any CPU.ActiveCfg = Release|Any CPU
		{CA845331-9005-1546-28B8-20567022DA2B}.Release|Any CPU.Build.0 = Release|Any CPU
	EndGlobalSection
	GlobalSection(SolutionProperties) = preSolution
		HideSolutionNode = FALSE
	EndGlobalSection
EndGlobal
